
Microsoft Visual Studio Solution File, Format Version 12.00
# Visual Studio Version 16
VisualStudioVersion = 16.0.31105.61
MinimumVisualStudioVersion = 10.0.40219.1
Project("{FAE04EC0-301F-11D3-BF4B-00C04F79EFBC}") = "Time Management", "Time Management\Time Management.csproj", "{12FE03EC-F32F-4727-A439-4BB144DD1CE9}"
EndProject
Global
	GlobalSection(SolutionConfigurationPlatforms) = preSolution
		Debug|Any CPU = Debug|Any CPU
		Release|Any CPU = Release|Any CPU
	EndGlobalSection
	GlobalSection(ProjectConfigurationPlatforms) = postSolution
		{12FE03EC-F32F-4727-A439-4BB144DD1CE9}.Debug|Any CPU.ActiveCfg = Debug|Any CPU
		{12FE03EC-F32F-4727-A439-4BB144DD1CE9}.Debug|Any CPU.Build.0 = Debug|Any CPU
		{12FE03EC-F32F-4727-A439-4BB144DD1CE9}.Release|Any CPU.ActiveCfg = Release|Any CPU
		{12FE03EC-F32F-4727-A439-4BB144DD1CE9}.Release|Any CPU.Build.0 = Release|Any CPU
	EndGlobalSection
	GlobalSection(SolutionProperties) = preSolution
		HideSolutionNode = FALSE
	EndGlobalSection
	GlobalSection(ExtensibilityGlobals) = postSolution
		SolutionGuid = {CB5AA09A-908C-44E5-A81A-D519577AC0C5}
	EndGlobalSection
EndGlobal
